lockfileVersion: '6.0'

settings:
  autoInstallPeers: true
  excludeLinksFromLockfile: false

dependencies:
  better-queue:
    specifier: ^3.8.12
    version: 3.8.12
  better-queue-memory:
    specifier: ^1.0.4
    version: 1.0.4
  typescript:
    specifier: ^5.4.5
    version: 5.4.5

packages:

  /better-queue-memory@1.0.4:
    resolution: {integrity: sha512-SWg5wFIShYffEmJpI6LgbL8/3Dqhku7xI1oEiy6FroP9DbcZlG0ZDjxvPdP9t7hTGW40IpIcC6zVoGT1oxjOuA==}
    dev: false

  /better-queue@3.8.12:
    resolution: {integrity: sha512-D9KZ+Us+2AyaCz693/9AyjTg0s8hEmkiM/MB3i09cs4MdK1KgTSGJluXRYmOulR69oLZVo2XDFtqsExDt8oiLA==}
    dependencies:
      better-queue-memory: 1.0.4
      node-eta: 0.9.0
      uuid: 9.0.1
    dev: false

  /node-eta@0.9.0:
    resolution: {integrity: sha512-mTCTZk29tmX1OGfVkPt63H3c3VqXrI2Kvua98S7iUIB/Gbp0MNw05YtUomxQIxnnKMyRIIuY9izPcFixzhSBrA==}
    dev: false

  /typescript@5.4.5:
    resolution: {integrity: sha512-vcI4UpRgg81oIRUFwR0WSIHKt11nJ7SAVlYNIu+QpqeyXP+gpQJy/Z4+F0aGxSE4MqwjyXvW/TzgkLAx2AGHwQ==}
    engines: {node: '>=14.17'}
    hasBin: true
    dev: false

  /uuid@9.0.1:
    resolution: {integrity: sha512-b+1eJOlsR9K8HJpow9Ok3fiWOWSIcIzXodvv0rQjVoOVNpWMpxf1wZNpt4y9h10odCNrqnYp1OBzRktckBe3sA==}
    hasBin: true
    dev: false
